
Microsoft Visual Studio Solution File, Format Version 12.00
# Visual Studio 15
VisualStudioVersion = 15.0.27703.2026
MinimumVisualStudioVersion = 10.0.40219.1
Project("{FAE04EC0-301F-11D3-BF4B-00C04F79EFBC}") = "MergeSort", "MergeSort\MergeSort.csproj", "{A43EFE74-79CF-4212-933E-79396B16C016}"
EndProject
Project("{FAE04EC0-301F-11D3-BF4B-00C04F79EFBC}") = "MergeSortTest", "MergeSortTest\MergeSortTest.csproj", "{39F6F332-C3CB-49CF-9507-3E652559F437}"
EndProject
Global
	GlobalSection(SolutionConfigurationPlatforms) = preSolution
		Debug|Any CPU = Debug|Any CPU
		Release|Any CPU = Release|Any CPU
	EndGlobalSection
	GlobalSection(ProjectConfigurationPlatforms) = postSolution
		{A43EFE74-79CF-4212-933E-79396B16C016}.Debug|Any CPU.ActiveCfg = Debug|Any CPU
		{A43EFE74-79CF-4212-933E-79396B16C016}.Debug|Any CPU.Build.0 = Debug|Any CPU
		{A43EFE74-79CF-4212-933E-79396B16C016}.Release|Any CPU.ActiveCfg = Release|Any CPU
		{A43EFE74-79CF-4212-933E-79396B16C016}.Release|Any CPU.Build.0 = Release|Any CPU
		{39F6F332-C3CB-49CF-9507-3E652559F437}.Debug|Any CPU.ActiveCfg = Debug|Any CPU
		{39F6F332-C3CB-49CF-9507-3E652559F437}.Debug|Any CPU.Build.0 = Debug|Any CPU
		{39F6F332-C3CB-49CF-9507-3E652559F437}.Release|Any CPU.ActiveCfg = Release|Any CPU
		{39F6F332-C3CB-49CF-9507-3E652559F437}.Release|Any CPU.Build.0 = Release|Any CPU
	EndGlobalSection
	GlobalSection(SolutionProperties) = preSolution
		HideSolutionNode = FALSE
	EndGlobalSection
	GlobalSection(ExtensibilityGlobals) = postSolution
		SolutionGuid = {D35FB21E-27D4-43D8-9ECA-E6C36990FAF0}
	EndGlobalSection
EndGlobal
