
Microsoft Visual Studio Solution File, Format Version 12.00
# Visual Studio 15
VisualStudioVersion = 15.0.27703.2026
MinimumVisualStudioVersion = 10.0.40219.1
Project("{FAE04EC0-301F-11D3-BF4B-00C04F79EFBC}") = "Challenge_ll_kth_from_end", "Challenge_ll_kth_from_end\Challenge_ll_kth_from_end.csproj", "{73C298B1-0DFB-45CE-A309-A3AE658A9345}"
EndProject
Project("{FAE04EC0-301F-11D3-BF4B-00C04F79EFBC}") = "Kth_Element_Test", "Kth_Element_Test\Kth_Element_Test.csproj", "{0C8A7C95-B5DB-43C4-A4DA-66B7CB5ED38E}"
EndProject
Global
	GlobalSection(SolutionConfigurationPlatforms) = preSolution
		Debug|Any CPU = Debug|Any CPU
		Release|Any CPU = Release|Any CPU
	EndGlobalSection
	GlobalSection(ProjectConfigurationPlatforms) = postSolution
		{73C298B1-0DFB-45CE-A309-A3AE658A9345}.Debug|Any CPU.ActiveCfg = Debug|Any CPU
		{73C298B1-0DFB-45CE-A309-A3AE658A9345}.Debug|Any CPU.Build.0 = Debug|Any CPU
		{73C298B1-0DFB-45CE-A309-A3AE658A9345}.Release|Any CPU.ActiveCfg = Release|Any CPU
		{73C298B1-0DFB-45CE-A309-A3AE658A9345}.Release|Any CPU.Build.0 = Release|Any CPU
		{0C8A7C95-B5DB-43C4-A4DA-66B7CB5ED38E}.Debug|Any CPU.ActiveCfg = Debug|Any CPU
		{0C8A7C95-B5DB-43C4-A4DA-66B7CB5ED38E}.Debug|Any CPU.Build.0 = Debug|Any CPU
		{0C8A7C95-B5DB-43C4-A4DA-66B7CB5ED38E}.Release|Any CPU.ActiveCfg = Release|Any CPU
		{0C8A7C95-B5DB-43C4-A4DA-66B7CB5ED38E}.Release|Any CPU.Build.0 = Release|Any CPU
	EndGlobalSection
	GlobalSection(SolutionProperties) = preSolution
		HideSolutionNode = FALSE
	EndGlobalSection
	GlobalSection(ExtensibilityGlobals) = postSolution
		SolutionGuid = {917E7AF4-B055-472F-AF09-6C9DB3DA95FB}
	EndGlobalSection
EndGlobal
