
Microsoft Visual Studio Solution File, Format Version 12.00
# Visual Studio 15
VisualStudioVersion = 15.0.27703.2026
MinimumVisualStudioVersion = 10.0.40219.1
Project("{FAE04EC0-301F-11D3-BF4B-00C04F79EFBC}") = "Graph", "Graph\Graph.csproj", "{0A59F1C1-066D-408D-BE6E-C680FBB58056}"
EndProject
Project("{FAE04EC0-301F-11D3-BF4B-00C04F79EFBC}") = "GraphTest", "XUnitTestProject1\GraphTest.csproj", "{63D2CB07-F714-4F50-9709-79CB89269E9C}"
EndProject
Global
	GlobalSection(SolutionConfigurationPlatforms) = preSolution
		Debug|Any CPU = Debug|Any CPU
		Release|Any CPU = Release|Any CPU
	EndGlobalSection
	GlobalSection(ProjectConfigurationPlatforms) = postSolution
		{0A59F1C1-066D-408D-BE6E-C680FBB58056}.Debug|Any CPU.ActiveCfg = Debug|Any CPU
		{0A59F1C1-066D-408D-BE6E-C680FBB58056}.Debug|Any CPU.Build.0 = Debug|Any CPU
		{0A59F1C1-066D-408D-BE6E-C680FBB58056}.Release|Any CPU.ActiveCfg = Release|Any CPU
		{0A59F1C1-066D-408D-BE6E-C680FBB58056}.Release|Any CPU.Build.0 = Release|Any CPU
		{63D2CB07-F714-4F50-9709-79CB89269E9C}.Debug|Any CPU.ActiveCfg = Debug|Any CPU
		{63D2CB07-F714-4F50-9709-79CB89269E9C}.Debug|Any CPU.Build.0 = Debug|Any CPU
		{63D2CB07-F714-4F50-9709-79CB89269E9C}.Release|Any CPU.ActiveCfg = Release|Any CPU
		{63D2CB07-F714-4F50-9709-79CB89269E9C}.Release|Any CPU.Build.0 = Release|Any CPU
	EndGlobalSection
	GlobalSection(SolutionProperties) = preSolution
		HideSolutionNode = FALSE
	EndGlobalSection
	GlobalSection(ExtensibilityGlobals) = postSolution
		SolutionGuid = {9591E7D4-7644-46D6-879D-D1B7E93F6D9B}
	EndGlobalSection
EndGlobal
