
Microsoft Visual Studio Solution File, Format Version 12.00
# Visual Studio 15
VisualStudioVersion = 15.0.27703.2026
MinimumVisualStudioVersion = 10.0.40219.1
Project("{FAE04EC0-301F-11D3-BF4B-00C04F79EFBC}") = "Challenge_Linked_List", "Challenge_Linked_List\Challenge_Linked_List.csproj", "{2D144552-4399-4636-819C-926D3DB41F2E}"
EndProject
Project("{FAE04EC0-301F-11D3-BF4B-00C04F79EFBC}") = "Linked_List_Test", "Linked_List_Test\Linked_List_Test.csproj", "{AF6F8F78-AE20-4F46-8534-7E9E3D7095B5}"
EndProject
Global
	GlobalSection(SolutionConfigurationPlatforms) = preSolution
		Debug|Any CPU = Debug|Any CPU
		Release|Any CPU = Release|Any CPU
	EndGlobalSection
	GlobalSection(ProjectConfigurationPlatforms) = postSolution
		{2D144552-4399-4636-819C-926D3DB41F2E}.Debug|Any CPU.ActiveCfg = Debug|Any CPU
		{2D144552-4399-4636-819C-926D3DB41F2E}.Debug|Any CPU.Build.0 = Debug|Any CPU
		{2D144552-4399-4636-819C-926D3DB41F2E}.Release|Any CPU.ActiveCfg = Release|Any CPU
		{2D144552-4399-4636-819C-926D3DB41F2E}.Release|Any CPU.Build.0 = Release|Any CPU
		{AF6F8F78-AE20-4F46-8534-7E9E3D7095B5}.Debug|Any CPU.ActiveCfg = Debug|Any CPU
		{AF6F8F78-AE20-4F46-8534-7E9E3D7095B5}.Debug|Any CPU.Build.0 = Debug|Any CPU
		{AF6F8F78-AE20-4F46-8534-7E9E3D7095B5}.Release|Any CPU.ActiveCfg = Release|Any CPU
		{AF6F8F78-AE20-4F46-8534-7E9E3D7095B5}.Release|Any CPU.Build.0 = Release|Any CPU
	EndGlobalSection
	GlobalSection(SolutionProperties) = preSolution
		HideSolutionNode = FALSE
	EndGlobalSection
	GlobalSection(ExtensibilityGlobals) = postSolution
		SolutionGuid = {DDFA1FCC-3859-4EDE-B494-45CD9D5A82BC}
	EndGlobalSection
EndGlobal
