
Microsoft Visual Studio Solution File, Format Version 12.00
# Visual Studio 15
VisualStudioVersion = 15.0.27703.2026
MinimumVisualStudioVersion = 10.0.40219.1
Project("{FAE04EC0-301F-11D3-BF4B-00C04F79EFBC}") = "Challenge_LeftJoin", "Challenge_LeftJoin\Challenge_LeftJoin.csproj", "{F25361A5-9EAE-4CB7-B6C9-A29CC57F1AD8}"
EndProject
Project("{FAE04EC0-301F-11D3-BF4B-00C04F79EFBC}") = "LeftJoinTest", "LeftJoinTest\LeftJoinTest.csproj", "{19EA3B7E-6F14-4A38-8C38-A1E6B4C9F079}"
EndProject
Global
	GlobalSection(SolutionConfigurationPlatforms) = preSolution
		Debug|Any CPU = Debug|Any CPU
		Release|Any CPU = Release|Any CPU
	EndGlobalSection
	GlobalSection(ProjectConfigurationPlatforms) = postSolution
		{F25361A5-9EAE-4CB7-B6C9-A29CC57F1AD8}.Debug|Any CPU.ActiveCfg = Debug|Any CPU
		{F25361A5-9EAE-4CB7-B6C9-A29CC57F1AD8}.Debug|Any CPU.Build.0 = Debug|Any CPU
		{F25361A5-9EAE-4CB7-B6C9-A29CC57F1AD8}.Release|Any CPU.ActiveCfg = Release|Any CPU
		{F25361A5-9EAE-4CB7-B6C9-A29CC57F1AD8}.Release|Any CPU.Build.0 = Release|Any CPU
		{19EA3B7E-6F14-4A38-8C38-A1E6B4C9F079}.Debug|Any CPU.ActiveCfg = Debug|Any CPU
		{19EA3B7E-6F14-4A38-8C38-A1E6B4C9F079}.Debug|Any CPU.Build.0 = Debug|Any CPU
		{19EA3B7E-6F14-4A38-8C38-A1E6B4C9F079}.Release|Any CPU.ActiveCfg = Release|Any CPU
		{19EA3B7E-6F14-4A38-8C38-A1E6B4C9F079}.Release|Any CPU.Build.0 = Release|Any CPU
	EndGlobalSection
	GlobalSection(SolutionProperties) = preSolution
		HideSolutionNode = FALSE
	EndGlobalSection
	GlobalSection(ExtensibilityGlobals) = postSolution
		SolutionGuid = {26598DA1-31E1-412F-AFB9-4231235D1048}
	EndGlobalSection
EndGlobal
