
Microsoft Visual Studio Solution File, Format Version 12.00
# Visual Studio 15
VisualStudioVersion = 15.0.27703.2026
MinimumVisualStudioVersion = 10.0.40219.1
Project("{FAE04EC0-301F-11D3-BF4B-00C04F79EFBC}") = "FizzBuzzTree", "FizzBuzzTree\FizzBuzzTree.csproj", "{EA930B0F-1AC1-4523-9ADC-E9A63E3801AB}"
EndProject
Project("{FAE04EC0-301F-11D3-BF4B-00C04F79EFBC}") = "FizzBuzzTree_test", "FizzBuzzTree_test\FizzBuzzTree_test.csproj", "{686C72B2-CFD6-4135-9362-D3C4A3DEE14B}"
EndProject
Global
	GlobalSection(SolutionConfigurationPlatforms) = preSolution
		Debug|Any CPU = Debug|Any CPU
		Release|Any CPU = Release|Any CPU
	EndGlobalSection
	GlobalSection(ProjectConfigurationPlatforms) = postSolution
		{EA930B0F-1AC1-4523-9ADC-E9A63E3801AB}.Debug|Any CPU.ActiveCfg = Debug|Any CPU
		{EA930B0F-1AC1-4523-9ADC-E9A63E3801AB}.Debug|Any CPU.Build.0 = Debug|Any CPU
		{EA930B0F-1AC1-4523-9ADC-E9A63E3801AB}.Release|Any CPU.ActiveCfg = Release|Any CPU
		{EA930B0F-1AC1-4523-9ADC-E9A63E3801AB}.Release|Any CPU.Build.0 = Release|Any CPU
		{686C72B2-CFD6-4135-9362-D3C4A3DEE14B}.Debug|Any CPU.ActiveCfg = Debug|Any CPU
		{686C72B2-CFD6-4135-9362-D3C4A3DEE14B}.Debug|Any CPU.Build.0 = Debug|Any CPU
		{686C72B2-CFD6-4135-9362-D3C4A3DEE14B}.Release|Any CPU.ActiveCfg = Release|Any CPU
		{686C72B2-CFD6-4135-9362-D3C4A3DEE14B}.Release|Any CPU.Build.0 = Release|Any CPU
	EndGlobalSection
	GlobalSection(SolutionProperties) = preSolution
		HideSolutionNode = FALSE
	EndGlobalSection
	GlobalSection(ExtensibilityGlobals) = postSolution
		SolutionGuid = {B628677C-0BDC-4358-BE19-6079F7181BB0}
	EndGlobalSection
EndGlobal
