
Microsoft Visual Studio Solution File, Format Version 12.00
# Visual Studio 15
VisualStudioVersion = 15.0.27703.2026
MinimumVisualStudioVersion = 10.0.40219.1
Project("{FAE04EC0-301F-11D3-BF4B-00C04F79EFBC}") = "Challenge_LL_Merge_List", "Challenge_LL_Merge_List\Challenge_LL_Merge_List.csproj", "{C34D7283-5F2A-4E38-8C8C-8C003B1BD718}"
EndProject
Project("{FAE04EC0-301F-11D3-BF4B-00C04F79EFBC}") = "LL_Merge_Test", "LL_Merge_Test\LL_Merge_Test.csproj", "{0425AB7A-55DB-4E0E-BADC-5E28D0943973}"
EndProject
Global
	GlobalSection(SolutionConfigurationPlatforms) = preSolution
		Debug|Any CPU = Debug|Any CPU
		Release|Any CPU = Release|Any CPU
	EndGlobalSection
	GlobalSection(ProjectConfigurationPlatforms) = postSolution
		{C34D7283-5F2A-4E38-8C8C-8C003B1BD718}.Debug|Any CPU.ActiveCfg = Debug|Any CPU
		{C34D7283-5F2A-4E38-8C8C-8C003B1BD718}.Debug|Any CPU.Build.0 = Debug|Any CPU
		{C34D7283-5F2A-4E38-8C8C-8C003B1BD718}.Release|Any CPU.ActiveCfg = Release|Any CPU
		{C34D7283-5F2A-4E38-8C8C-8C003B1BD718}.Release|Any CPU.Build.0 = Release|Any CPU
		{0425AB7A-55DB-4E0E-BADC-5E28D0943973}.Debug|Any CPU.ActiveCfg = Debug|Any CPU
		{0425AB7A-55DB-4E0E-BADC-5E28D0943973}.Debug|Any CPU.Build.0 = Debug|Any CPU
		{0425AB7A-55DB-4E0E-BADC-5E28D0943973}.Release|Any CPU.ActiveCfg = Release|Any CPU
		{0425AB7A-55DB-4E0E-BADC-5E28D0943973}.Release|Any CPU.Build.0 = Release|Any CPU
	EndGlobalSection
	GlobalSection(SolutionProperties) = preSolution
		HideSolutionNode = FALSE
	EndGlobalSection
	GlobalSection(ExtensibilityGlobals) = postSolution
		SolutionGuid = {B7239B11-0E33-4756-B528-FA6FB1F1240E}
	EndGlobalSection
EndGlobal
