
Microsoft Visual Studio Solution File, Format Version 12.00
# Visual Studio 15
VisualStudioVersion = 15.0.27703.2026
MinimumVisualStudioVersion = 10.0.40219.1
Project("{FAE04EC0-301F-11D3-BF4B-00C04F79EFBC}") = "Challenge_Multi_Bracket", "Challenge_Multi_Bracket\Challenge_Multi_Bracket.csproj", "{AFA67F9B-DC35-4042-9B05-75100AC3DCE5}"
EndProject
Project("{FAE04EC0-301F-11D3-BF4B-00C04F79EFBC}") = "bracket_validation_test", "bracket_validation_test\bracket_validation_test.csproj", "{17C293E9-D558-4072-A197-AD707375CAB3}"
EndProject
Global
	GlobalSection(SolutionConfigurationPlatforms) = preSolution
		Debug|Any CPU = Debug|Any CPU
		Release|Any CPU = Release|Any CPU
	EndGlobalSection
	GlobalSection(ProjectConfigurationPlatforms) = postSolution
		{AFA67F9B-DC35-4042-9B05-75100AC3DCE5}.Debug|Any CPU.ActiveCfg = Debug|Any CPU
		{AFA67F9B-DC35-4042-9B05-75100AC3DCE5}.Debug|Any CPU.Build.0 = Debug|Any CPU
		{AFA67F9B-DC35-4042-9B05-75100AC3DCE5}.Release|Any CPU.ActiveCfg = Release|Any CPU
		{AFA67F9B-DC35-4042-9B05-75100AC3DCE5}.Release|Any CPU.Build.0 = Release|Any CPU
		{17C293E9-D558-4072-A197-AD707375CAB3}.Debug|Any CPU.ActiveCfg = Debug|Any CPU
		{17C293E9-D558-4072-A197-AD707375CAB3}.Debug|Any CPU.Build.0 = Debug|Any CPU
		{17C293E9-D558-4072-A197-AD707375CAB3}.Release|Any CPU.ActiveCfg = Release|Any CPU
		{17C293E9-D558-4072-A197-AD707375CAB3}.Release|Any CPU.Build.0 = Release|Any CPU
	EndGlobalSection
	GlobalSection(SolutionProperties) = preSolution
		HideSolutionNode = FALSE
	EndGlobalSection
	GlobalSection(ExtensibilityGlobals) = postSolution
		SolutionGuid = {6D98A5AC-3DD4-44FC-A639-05DCF9BD0925}
	EndGlobalSection
EndGlobal
