
Microsoft Visual Studio Solution File, Format Version 12.00
# Visual Studio 15
VisualStudioVersion = 15.0.27703.2026
MinimumVisualStudioVersion = 10.0.40219.1
Project("{FAE04EC0-301F-11D3-BF4B-00C04F79EFBC}") = "Challenge_Graph_GetEdge", "Challenge_Graph_GetEdge\Challenge_Graph_GetEdge.csproj", "{79B03B44-A3E3-4299-998E-8CB3EFD309F0}"
EndProject
Project("{FAE04EC0-301F-11D3-BF4B-00C04F79EFBC}") = "getedges_test", "getedges_test\getedges_test.csproj", "{E6F6A729-D355-4205-ACA5-9C2D9ACBDE9D}"
EndProject
Global
	GlobalSection(SolutionConfigurationPlatforms) = preSolution
		Debug|Any CPU = Debug|Any CPU
		Release|Any CPU = Release|Any CPU
	EndGlobalSection
	GlobalSection(ProjectConfigurationPlatforms) = postSolution
		{79B03B44-A3E3-4299-998E-8CB3EFD309F0}.Debug|Any CPU.ActiveCfg = Debug|Any CPU
		{79B03B44-A3E3-4299-998E-8CB3EFD309F0}.Debug|Any CPU.Build.0 = Debug|Any CPU
		{79B03B44-A3E3-4299-998E-8CB3EFD309F0}.Release|Any CPU.ActiveCfg = Release|Any CPU
		{79B03B44-A3E3-4299-998E-8CB3EFD309F0}.Release|Any CPU.Build.0 = Release|Any CPU
		{E6F6A729-D355-4205-ACA5-9C2D9ACBDE9D}.Debug|Any CPU.ActiveCfg = Debug|Any CPU
		{E6F6A729-D355-4205-ACA5-9C2D9ACBDE9D}.Debug|Any CPU.Build.0 = Debug|Any CPU
		{E6F6A729-D355-4205-ACA5-9C2D9ACBDE9D}.Release|Any CPU.ActiveCfg = Release|Any CPU
		{E6F6A729-D355-4205-ACA5-9C2D9ACBDE9D}.Release|Any CPU.Build.0 = Release|Any CPU
	EndGlobalSection
	GlobalSection(SolutionProperties) = preSolution
		HideSolutionNode = FALSE
	EndGlobalSection
	GlobalSection(ExtensibilityGlobals) = postSolution
		SolutionGuid = {2B95D23F-AA51-4FE8-891A-3A3BD2E8D06B}
	EndGlobalSection
EndGlobal
